
Microsoft Visual Studio Solution File, Format Version 12.00
# Visual Studio Version 16
VisualStudioVersion = 16.0.29009.5
MinimumVisualStudioVersion = 10.0.40219.1
Project("{6EC3EE1D-3C4E-46DD-8F32-0CC8E7565705}") = "Orleans.FS.Mockup", "Orleans.FS.Mockup\Orleans.FS.Mockup.fsproj", "{4953382F-094D-471D-8F76-998088992C53}"
EndProject
Project("{6EC3EE1D-3C4E-46DD-8F32-0CC8E7565705}") = "MyModule.Common", "MyModule.Common\MyModule.Common.fsproj", "{523C1F91-F3B5-4744-8DD4-15200F95D156}"
EndProject
Project("{6EC3EE1D-3C4E-46DD-8F32-0CC8E7565705}") = "MyModule.Grains.Interfaces", "MyModule.Grains.Interfaces\MyModule.Grains.Interfaces.fsproj", "{B596FA3C-9388-4001-A8C7-BB275987A012}"
EndProject
Project("{6EC3EE1D-3C4E-46DD-8F32-0CC8E7565705}") = "MyModule.Grains", "MyModule.Grains\MyModule.Grains.fsproj", "{1B798203-6156-4F6C-BAA7-A3A981F27E1A}"
EndProject
Project("{F2A71F9B-5D33-465A-A702-920D77279786}") = "Core", "Core\Core.fsproj", "{47CBF214-DAF4-49E0-90D8-DF2C96450762}"
EndProject
Project("{2150E333-8FDC-42A3-9474-1A3956D46DE8}") = "Solution Items", "Solution Items", "{9E3A635D-CFEC-48C9-8DD8-47A76A40FB18}"
	ProjectSection(SolutionItems) = preProject
		Directory.Build.props = Directory.Build.props
	EndProjectSection
EndProject
Global
	GlobalSection(SolutionConfigurationPlatforms) = preSolution
		Debug|Any CPU = Debug|Any CPU
		Release|Any CPU = Release|Any CPU
	EndGlobalSection
	GlobalSection(ProjectConfigurationPlatforms) = postSolution
		{4953382F-094D-471D-8F76-998088992C53}.Debug|Any CPU.ActiveCfg = Debug|Any CPU
		{4953382F-094D-471D-8F76-998088992C53}.Debug|Any CPU.Build.0 = Debug|Any CPU
		{4953382F-094D-471D-8F76-998088992C53}.Release|Any CPU.ActiveCfg = Release|Any CPU
		{4953382F-094D-471D-8F76-998088992C53}.Release|Any CPU.Build.0 = Release|Any CPU
		{523C1F91-F3B5-4744-8DD4-15200F95D156}.Debug|Any CPU.ActiveCfg = Debug|Any CPU
		{523C1F91-F3B5-4744-8DD4-15200F95D156}.Debug|Any CPU.Build.0 = Debug|Any CPU
		{523C1F91-F3B5-4744-8DD4-15200F95D156}.Release|Any CPU.ActiveCfg = Release|Any CPU
		{523C1F91-F3B5-4744-8DD4-15200F95D156}.Release|Any CPU.Build.0 = Release|Any CPU
		{B596FA3C-9388-4001-A8C7-BB275987A012}.Debug|Any CPU.ActiveCfg = Debug|Any CPU
		{B596FA3C-9388-4001-A8C7-BB275987A012}.Debug|Any CPU.Build.0 = Debug|Any CPU
		{B596FA3C-9388-4001-A8C7-BB275987A012}.Release|Any CPU.ActiveCfg = Release|Any CPU
		{B596FA3C-9388-4001-A8C7-BB275987A012}.Release|Any CPU.Build.0 = Release|Any CPU
		{1B798203-6156-4F6C-BAA7-A3A981F27E1A}.Debug|Any CPU.ActiveCfg = Debug|Any CPU
		{1B798203-6156-4F6C-BAA7-A3A981F27E1A}.Debug|Any CPU.Build.0 = Debug|Any CPU
		{1B798203-6156-4F6C-BAA7-A3A981F27E1A}.Release|Any CPU.ActiveCfg = Release|Any CPU
		{1B798203-6156-4F6C-BAA7-A3A981F27E1A}.Release|Any CPU.Build.0 = Release|Any CPU
		{47CBF214-DAF4-49E0-90D8-DF2C96450762}.Debug|Any CPU.ActiveCfg = Debug|Any CPU
		{47CBF214-DAF4-49E0-90D8-DF2C96450762}.Debug|Any CPU.Build.0 = Debug|Any CPU
		{47CBF214-DAF4-49E0-90D8-DF2C96450762}.Release|Any CPU.ActiveCfg = Release|Any CPU
		{47CBF214-DAF4-49E0-90D8-DF2C96450762}.Release|Any CPU.Build.0 = Release|Any CPU
	EndGlobalSection
	GlobalSection(SolutionProperties) = preSolution
		HideSolutionNode = FALSE
	EndGlobalSection
	GlobalSection(ExtensibilityGlobals) = postSolution
		SolutionGuid = {96E3C159-EE2C-41B7-9675-439278585D6B}
	EndGlobalSection
EndGlobal
